// !$*UTF8*$!
{
	archiveVersion = 1;
	classes = {
	};
	objectVersion = 55;
	objects = {

/* Begin PBXBuildFile section */
		OBJ_29 /* MomentumApp.swift in Sources */ = {isa = PBXBuildFile; fileRef = OBJ_7 /* MomentumApp.swift */; };
		OBJ_30 /* Project.swift in Sources */ = {isa = PBXBuildFile; fileRef = OBJ_8 /* Project.swift */; };
		OBJ_31 /* Settings.swift in Sources */ = {isa = PBXBuildFile; fileRef = OBJ_9 /* Settings.swift */; };
		OBJ_32 /* DatabaseService.swift in Sources */ = {isa = PBXBuildFile; fileRef = OBJ_10 /* DatabaseService.swift */; };
		OBJ_33 /* GitService.swift in Sources */ = {isa = PBXBuildFile; fileRef = OBJ_11 /* GitService.swift */; };
		OBJ_34 /* ProjectDiscoveryService.swift in Sources */ = {isa = PBXBuildFile; fileRef = OBJ_12 /* ProjectDiscoveryService.swift */; };
		OBJ_35 /* ProjectMonitorService.swift in Sources */ = {isa = PBXBuildFile; fileRef = OBJ_13 /* ProjectMonitorService.swift */; };
		OBJ_36 /* NotificationManager.swift in Sources */ = {isa = PBXBuildFile; fileRef = OBJ_14 /* NotificationManager.swift */; };
		OBJ_37 /* AIService.swift in Sources */ = {isa = PBXBuildFile; fileRef = OBJ_15 /* AIService.swift */; };
		OBJ_38 /* DashboardView.swift in Sources */ = {isa = PBXBuildFile; fileRef = OBJ_16 /* DashboardView.swift */; };
		OBJ_39 /* OnboardingView.swift in Sources */ = {isa = PBXBuildFile; fileRef = OBJ_17 /* OnboardingView.swift */; };
		OBJ_40 /* ProjectDetailView.swift in Sources */ = {isa = PBXBuildFile; fileRef = OBJ_18 /* ProjectDetailView.swift */; };
		OBJ_41 /* SettingsView.swift in Sources */ = {isa = PBXBuildFile; fileRef = OBJ_19 /* SettingsView.swift */; };
		OBJ_42 /* AddProjectSheet.swift in Sources */ = {isa = PBXBuildFile; fileRef = OBJ_20 /* AddProjectSheet.swift */; };
		OBJ_43 /* GoalSheet.swift in Sources */ = {isa = PBXBuildFile; fileRef = OBJ_21 /* GoalSheet.swift */; };
		OBJ_44 /* GlassEffects.swift in Sources */ = {isa = PBXBuildFile; fileRef = OBJ_22 /* GlassEffects.swift */; };
		OBJ_45 /* ConfettiView.swift in Sources */ = {isa = PBXBuildFile; fileRef = OBJ_23 /* ConfettiView.swift */; };
		OBJ_46 /* MenuBarManager.swift in Sources */ = {isa = PBXBuildFile; fileRef = OBJ_24 /* MenuBarManager.swift */; };
		OBJ_47 /* ProjectStore.swift in Sources */ = {isa = PBXBuildFile; fileRef = OBJ_25 /* ProjectStore.swift */; };
		OBJ_48 /* SettingsManager.swift in Sources */ = {isa = PBXBuildFile; fileRef = OBJ_26 /* SettingsManager.swift */; };
/* End PBXBuildFile section */

/* Begin PBXFileReference section */
		OBJ_6 /* Momentum.app */ = {isa = PBXFileReference; explicitFileType = wrapper.application; includeInIndex = 0; path = Momentum.app; sourceTree = BUILT_PRODUCTS_DIR; };
		OBJ_7 /* MomentumApp.swift */ = {isa = PBXFileReference; lastKnownFileType = sourcecode.swift; path = Sources/MomentumApp.swift; sourceTree = SOURCE_ROOT; };
		OBJ_8 /* Project.swift */ = {isa = PBXFileReference; lastKnownFileType = sourcecode.swift; path = Sources/Models/Project.swift; sourceTree = SOURCE_ROOT; };
		OBJ_9 /* Settings.swift */ = {isa = PBXFileReference; lastKnownFileType = sourcecode.swift; path = Sources/Models/Settings.swift; sourceTree = SOURCE_ROOT; };
		OBJ_10 /* DatabaseService.swift */ = {isa = PBXFileReference; lastKnownFileType = sourcecode.swift; path = Sources/Services/DatabaseService.swift; sourceTree = SOURCE_ROOT; };
		OBJ_11 /* GitService.swift */ = {isa = PBXFileReference; lastKnownFileType = sourcecode.swift; path = Sources/Services/GitService.swift; sourceTree = SOURCE_ROOT; };
		OBJ_12 /* ProjectDiscoveryService.swift */ = {isa = PBXFileReference; lastKnownFileType = sourcecode.swift; path = Sources/Services/ProjectDiscoveryService.swift; sourceTree = SOURCE_ROOT; };
		OBJ_13 /* ProjectMonitorService.swift */ = {isa = PBXFileReference; lastKnownFileType = sourcecode.swift; path = Sources/Services/ProjectMonitorService.swift; sourceTree = SOURCE_ROOT; };
		OBJ_14 /* NotificationManager.swift */ = {isa = PBXFileReference; lastKnownFileType = sourcecode.swift; path = Sources/Services/NotificationManager.swift; sourceTree = SOURCE_ROOT; };
		OBJ_15 /* AIService.swift */ = {isa = PBXFileReference; lastKnownFileType = sourcecode.swift; path = Sources/Services/AIService.swift; sourceTree = SOURCE_ROOT; };
		OBJ_16 /* DashboardView.swift */ = {isa = PBXFileReference; lastKnownFileType = sourcecode.swift; path = Sources/Views/DashboardView.swift; sourceTree = SOURCE_ROOT; };
		OBJ_17 /* OnboardingView.swift */ = {isa = PBXFileReference; lastKnownFileType = sourcecode.swift; path = Sources/Views/OnboardingView.swift; sourceTree = SOURCE_ROOT; };
		OBJ_18 /* ProjectDetailView.swift */ = {isa = PBXFileReference; lastKnownFileType = sourcecode.swift; path = Sources/Views/ProjectDetailView.swift; sourceTree = SOURCE_ROOT; };
		OBJ_19 /* SettingsView.swift */ = {isa = PBXFileReference; lastKnownFileType = sourcecode.swift; path = Sources/Views/SettingsView.swift; sourceTree = SOURCE_ROOT; };
		OBJ_20 /* AddProjectSheet.swift */ = {isa = PBXFileReference; lastKnownFileType = sourcecode.swift; path = Sources/Views/AddProjectSheet.swift; sourceTree = SOURCE_ROOT; };
		OBJ_21 /* GoalSheet.swift */ = {isa = PBXFileReference; lastKnownFileType = sourcecode.swift; path = Sources/Views/GoalSheet.swift; sourceTree = SOURCE_ROOT; };
		OBJ_22 /* GlassEffects.swift */ = {isa = PBXFileReference; lastKnownFileType = sourcecode.swift; path = Sources/Views/GlassEffects.swift; sourceTree = SOURCE_ROOT; };
		OBJ_23 /* ConfettiView.swift */ = {isa = PBXFileReference; lastKnownFileType = sourcecode.swift; path = Sources/Views/ConfettiView.swift; sourceTree = SOURCE_ROOT; };
		OBJ_24 /* MenuBarManager.swift */ = {isa = PBXFileReference; lastKnownFileType = sourcecode.swift; path = Sources/Managers/MenuBarManager.swift; sourceTree = SOURCE_ROOT; };
		OBJ_25 /* ProjectStore.swift */ = {isa = PBXFileReference; lastKnownFileType = sourcecode.swift; path = Sources/Managers/ProjectStore.swift; sourceTree = SOURCE_ROOT; };
		OBJ_26 /* SettingsManager.swift */ = {isa = PBXFileReference; lastKnownFileType = sourcecode.swift; path = Sources/Managers/SettingsManager.swift; sourceTree = SOURCE_ROOT; };
		OBJ_27 = {isa = PBXFileReference; lastKnownFileType = text.plist.entitlements; path = Momentum.entitlements; sourceTree = SOURCE_ROOT; };
/* End PBXFileReference section */

/* Begin PBXFrameworksBuildPhase section */
		OBJ_35 = {
			isa = PBXFrameworksBuildPhase;
			buildActionMask = 2147483647;
			files = (
			);
			runOnlyForDeploymentPostprocessing = 0;
		};
/* End PBXFrameworksBuildPhase section */

/* Begin PBXGroup section */
		OBJ_5 = {
			isa = PBXGroup;
			children = (
				OBJ_33 /* Momentum.entitlements */,
				OBJ_7 /* MomentumApp.swift */,
				OBJ_8 /* Project.swift */,
				OBJ_9 /* Settings.swift */,
				OBJ_10 /* DatabaseService.swift */,
				OBJ_11 /* GitService.swift */,
				OBJ_12 /* ProjectDiscoveryService.swift */,
				OBJ_13 /* ProjectMonitorService.swift */,
				OBJ_14 /* NotificationManager.swift */,
				OBJ_15 /* DashboardView.swift */,
				OBJ_16 /* OnboardingView.swift */,
				OBJ_17 /* ProjectDetailView.swift */,
				OBJ_18 /* SettingsView.swift */,
				OBJ_19 /* AddProjectSheet.swift */,
				OBJ_20 /* GoalSheet.swift */,
				OBJ_21 /* GlassEffects.swift */,
				OBJ_22 /* ConfettiView.swift */,
				OBJ_23 /* MenuBarManager.swift */,
				OBJ_24 /* ProjectStore.swift */,
				OBJ_25 /* SettingsManager.swift */,
				OBJ_26 /* AIService.swift */,
			);
			name = Sources;
			sourceTree = "<group>";
		};
		OBJ_36 = {
			isa = PBXGroup;
			children = (
				OBJ_6 /* Momentum.app */,
			);
			name = Products;
			sourceTree = "<group>";
		};
/* End PBXGroup section */

/* Begin PBXNativeTarget section */
		OBJ_37 = {
			isa = PBXNativeTarget;
			buildConfigurationList = OBJ_40 /* Build configuration list for PBXNativeTarget "Momentum" */;
			buildPhases = (
				OBJ_38 /* Sources */,
				OBJ_35 /* Frameworks */,
			);
			buildRules = (
			);
			dependencies = (
			);
			name = Momentum;
			productName = Momentum;
			productReference = OBJ_6 /* Momentum.app */;
			productType = "com.apple.product-type.application";
		};
/* End PBXNativeTarget section */

/* Begin PBXProject section */
		OBJ_1 = {
			isa = PBXProject;
			attributes = {
				LastSwiftMigration = 9999;
				LastUpgradeCheck = 9999;
			};
			buildConfigurationList = OBJ_2 /* Build configuration list for PBXProject "Momentum" */;
			compatibilityVersion = "Xcode 12.0";
			developmentRegion = en;
			hasScannedForEncodings = 0;
			knownRegions = (
				en,
				Base,
			);
			mainGroup = OBJ_3;
			productRefGroup = OBJ_36 /* Products */;
			projectDirPath = "";
			projectRoot = "";
			targets = (
				OBJ_37 /* Momentum */,
			);
		};
/* End PBXProject section */

/* Begin PBXSourcesBuildPhase section */
		OBJ_38 = {
			isa = PBXSourcesBuildPhase;
			buildActionMask = 2147483647;
			files = (
				OBJ_29 /* MomentumApp.swift in Sources */,
				OBJ_30 /* Project.swift in Sources */,
				OBJ_31 /* Settings.swift in Sources */,
				OBJ_32 /* DatabaseService.swift in Sources */,
				OBJ_33 /* GitService.swift in Sources */,
				OBJ_34 /* ProjectDiscoveryService.swift in Sources */,
				OBJ_35 /* ProjectMonitorService.swift in Sources */,
				OBJ_36 /* NotificationManager.swift in Sources */,
				OBJ_37 /* AIService.swift in Sources */,
				OBJ_38 /* DashboardView.swift in Sources */,
				OBJ_39 /* OnboardingView.swift in Sources */,
				OBJ_40 /* ProjectDetailView.swift in Sources */,
				OBJ_41 /* SettingsView.swift in Sources */,
				OBJ_42 /* AddProjectSheet.swift in Sources */,
				OBJ_43 /* GoalSheet.swift in Sources */,
				OBJ_44 /* GlassEffects.swift in Sources */,
				OBJ_45 /* ConfettiView.swift in Sources */,
				OBJ_46 /* MenuBarManager.swift in Sources */,
				OBJ_47 /* ProjectStore.swift in Sources */,
				OBJ_48 /* SettingsManager.swift in Sources */,
			);
			runOnlyForDeploymentPostprocessing = 0;
		};
/* End PBXSourcesBuildPhase section */

/* Begin XCBuildConfiguration section */
		OBJ_41 = {
			isa = XCBuildConfiguration;
			buildSettings = {
				CLANG_ENABLE_MODULES = YES;
				CODE_SIGN_ENTITLEMENTS = Momentum.entitlements;
				CODE_SIGN_IDENTITY = "-";
				CODE_SIGN_STYLE = Automatic;
				COMBINE_HIDPI_IMAGES = YES;
				DEVELOPMENT_TEAM = "";
				ENABLE_HARDENED_RUNTIME = YES;
				INFOPLIST_FILE = $(TARGET_NAME)/Info.plist;
				LD_RUNPATH_SEARCH_PATHS = "$(inherited) @executable_path/../Frameworks";
				MACOSX_DEPLOYMENT_TARGET = 13.0;
				PRODUCT_BUNDLE_IDENTIFIER = com.momentum.app;
				PRODUCT_NAME = Momentum;
				SWIFT_OPTIMIZATION_LEVEL = "-Onone";
				SWIFT_VERSION = 5.0;
			};
			name = Debug;
		};
		OBJ_42 = {
			isa = XCBuildConfiguration;
			name = Release;
			buildSettings = {
				CLANG_ENABLE_MODULES = YES;
				CODE_SIGN_ENTITLEMENTS = Momentum.entitlements;
				CODE_SIGN_IDENTITY = "-";
				CODE_SIGN_STYLE = Automatic;
				COMBINE_HIDPI_IMAGES = YES;
				DEVELOPMENT_TEAM = "";
				ENABLE_HARDENED_RUNTIME = NO;
				INFOPLIST_FILE = $(TARGET_NAME)/Info.plist;
				LD_RUNPATH_SEARCH_PATHS = "$(inherited) @executable_path/../Frameworks";
				MACOSX_DEPLOYMENT_TARGET = 13.0;
				PRODUCT_BUNDLE_IDENTIFIER = com.momentum.app;
				PRODUCT_NAME = Momentum;
				SWIFT_OPTIMIZATION_LEVEL = "-Owholemodule";
				SWIFT_VERSION = 5.0;
			};
		};
		OBJ_43 = {
			isa = XCBuildConfiguration;
			buildSettings = {
				ALWAYS_SEARCH_USER_PATHS = NO;
				CLANG_ANALYZER_LOCALIZABILITY_NONLOCALIZED = YES;
				CLANG_ENABLE_MODULES = YES;
				CLANG_ENABLE_OBJC_ARC = YES;
				CLANG_WARN_BLOCK_CAPTURE_AUTORELEASING = YES;
				CLANG_WARN_BOOL_CONVERSION = YES;
				CLANG_WARN_COMMA = YES;
				CLANG_WARN_CONSTANT_CONVERSION = YES;
				CLANG_WARN_DEPRECATED_OBJC_IMPLEMENTATIONS = YES;
				CLANG_WARN_DIRECT_OBJC_ISA_USAGE = YES_ERROR;
				CLANG_WARN_EMPTY_BODY = YES;
				CLANG_WARN_ENUM_CONVERSION = YES;
				CLANG_WARN_INFINITE_RECURSION = YES;
				CLANG_WARN_INT_CONVERSION = YES;
				CLANG_WARN_NON_LITERAL_NULL_CONVERSION = YES;
				CLANG_WARN_OBJC_IMPLICIT_RETAIN_SELF = YES;
				CLANG_WARN_OBJC_LITERAL_CONVERSION = YES;
				CLANG_WARN_OBJC_ROOT_CLASS = YES_ERROR;
				CLANG_WARN_RANGE_LOOP_ANALYSIS = YES;
				CLANG_WARN_STRICT_PROTOTYPES = YES;
				CLANG_WARN_SUSPICIOUS_MOVE = YES;
				CLANG_WARN_UNREACHABLE_CODE = YES;
				CLANG_WARN__DUPLICATE_METHOD_MATCH = YES;
				CODE_SIGN_IDENTITY = "Mac Developer";
				CODE_SIGN_STYLE = Automatic;
				COPY_PHASE_STRIP = NO;
				DEBUG_INFORMATION_FORMAT = dwarf;
				ENABLE_STRICT_OBJC_MSGSEND = YES;
				ENABLE_TESTABILITY = YES;
				GCC_C_LANGUAGE_STANDARD = gnu99;
				GCC_DYNAMIC_NO_PIC = NO;
				GCC_NO_COMMON_BLOCKS = YES;
				GCC_OPTIMIZATION_LEVEL = 0;
				GCC_PREPROCESSOR_DEFINITIONS = (
					"DEBUG=1",
					"$(inherited)",
				);
				GCC_WARN_64_TO_32_BIT_CONVERSION = YES;
				GCC_WARN_ABOUT_RETURN_TYPE = YES_ERROR;
				GCC_WARN_UNDECLARED_SELECTOR = YES;
				GCC_WARN_UNINITIALIZED_AUTOS = YES_AGGRESSIVE;
				GCC_WARN_UNUSED_FUNCTION = YES;
				GCC_WARN_UNUSED_VARIABLE = YES;
				INFOPLIST_FILE = $(TARGET_NAME)/Info.plist;
				LD_RUNPATH_SEARCH_PATHS = "$(inherited) @executable_path/../Frameworks";
				MACOSX_DEPLOYMENT_TARGET = 13.0;
				MTL_ENABLE_DEBUG_INFO = YES;
				ONLY_ACTIVE_ARCH = YES;
				PRODUCT_BUNDLE_IDENTIFIER = com.momentum.app;
				PRODUCT_NAME = Momentum;
				SDKROOT = macosx;
				SWIFT_ACTIVE_COMPILATION_CONDITIONS = DEBUG;
				SWIFT_OPTIMIZATION_LEVEL = "-Onone";
				SWIFT_VERSION = 5.0;
			};
			name = Debug;
		};
		OBJ_44 = {
			isa = XCBuildConfiguration;
			buildSettings = {
				ALWAYS_SEARCH_USER_PATHS = NO;
				CLANG_ANALYZER_LOCALIZABILITY_NONLOCALIZED = YES;
				CLANG_ENABLE_MODULES = YES;
				CLANG_ENABLE_OBJC_ARC = YES;
				CLANG_WARN_BLOCK_CAPTURE_AUTORELEASING = YES;
				CLANG_WARN_BOOL_CONVERSION = YES;
				CLANG_WARN_COMMA = YES;
				CLANG_WARN_CONSTANT_CONVERSION = YES;
				CLANG_WARN_DEPRECATED_OBJC_IMPLEMENTATIONS = YES;
				CLANG_WARN_DIRECT_OBJC_ISA_USAGE = YES_ERROR;
				CLANG_WARN_EMPTY_BODY = YES;
				CLANG_WARN_ENUM_CONVERSION = YES;
				CLANG_WARN_INFINITE_RECURSION = YES;
				CLANG_WARN_INT_CONVERSION = YES;
				CLANG_WARN_NON_LITERAL_NULL_CONVERSION = YES;
				CLANG_WARN_OBJC_IMPLICIT_RETAIN_SELF = YES;
				CLANG_WARN_OBJC_LITERAL_CONVERSION = YES;
				CLANG_WARN_OBJC_ROOT_CLASS = YES_ERROR;
				CLANG_WARN_RANGE_LOOP_ANALYSIS = YES;
				CLANG_WARN_STRICT_PROTOTYPES = YES;
				CLANG_WARN_SUSPICIOUS_MOVE = YES;
				CLANG_WARN_UNREACHABLE_CODE = YES;
				CLANG_WARN__DUPLICATE_METHOD_MATCH = YES;
				CODE_SIGN_IDENTITY = "Mac Developer";
				CODE_SIGN_STYLE = Automatic;
				COPY_PHASE_STRIP = NO;
				DEBUG_INFORMATION_FORMAT = "dwarf-with-dsym";
				ENABLE_STRICT_OBJC_MSGSEND = YES;
				GCC_C_LANGUAGE_STANDARD = gnu99;
				GCC_DYNAMIC_NO_PIC = NO;
				GCC_NO_COMMON_BLOCKS = YES;
				GCC_OPTIMIZATION_LEVEL = s;
				GCC_WARN_64_TO_32_BIT_CONVERSION = YES;
				GCC_WARN_ABOUT_RETURN_TYPE = YES_ERROR;
				GCC_WARN_UNDECLARED_SELECTOR = YES;
				GCC_WARN_UNINITIALIZED_AUTOS = YES_AGGRESSIVE;
				GCC_WARN_UNUSED_FUNCTION = YES;
				GCC_WARN_UNUSED_VARIABLE = YES;
				INFOPLIST_FILE = $(TARGET_NAME)/Info.plist;
				LD_RUNPATH_SEARCH_PATHS = "$(inherited) @executable_path/../Frameworks";
				MACOSX_DEPLOYMENT_TARGET = 13.0;
				MTL_ENABLE_DEBUG_INFO = NO;
				PRODUCT_BUNDLE_IDENTIFIER = com.momentum.app;
				PRODUCT_NAME = Momentum;
				SDKROOT = macosx;
				SWIFT_OPTIMIZATION_LEVEL = "-Owholemodule";
				SWIFT_VERSION = 5.0;
			};
			name = Release;
		};
/* End XCBuildConfiguration section */

/* Begin XCConfigurationList section */
		OBJ_2 = {
			isa = XCConfigurationList;
			buildConfigurations = (
				OBJ_43 /* Debug */,
				OBJ_44 /* Release */,
			);
			defaultConfigurationIsVisible = 0;
			defaultConfigurationName = Debug;
		};
		OBJ_40 = {
			isa = XCConfigurationList;
			buildConfigurations = (
				OBJ_41 /* Debug */,
				OBJ_42 /* Release */,
			);
			defaultConfigurationIsVisible = 0;
			defaultConfigurationName = Debug;
		};
/* End XCConfigurationList section */
	};
	rootObject = OBJ_1 /* Project object */;
}
